// !$*UTF8*$!
{
	archiveVersion = 1;
	classes = {
	};
	objectVersion = 55;
	objects = {

/* Begin PBXBuildFile section */
		06925C0427F44296005D6413 /* AppDelegate.swift in Sources */ = {isa = PBXBuildFile; fileRef = 06925C0327F44296005D6413 /* AppDelegate.swift */; };
		06925C0627F44296005D6413 /* SceneDelegate.swift in Sources */ = {isa = PBXBuildFile; fileRef = 06925C0527F44296005D6413 /* SceneDelegate.swift */; };
		06925C0B27F44296005D6413 /* Main.storyboard in Resources */ = {isa = PBXBuildFile; fileRef = 06925C0927F44296005D6413 /* Main.storyboard */; };
		06925C0E27F44296005D6413 /* HTCTest.xcdatamodeld in Sources */ = {isa = PBXBuildFile; fileRef = 06925C0C27F44296005D6413 /* HTCTest.xcdatamodeld */; };
		06925C1027F4429B005D6413 /* Assets.xcassets in Resources */ = {isa = PBXBuildFile; fileRef = 06925C0F27F4429B005D6413 /* Assets.xcassets */; };
		06925C1327F4429B005D6413 /* LaunchScreen.storyboard in Resources */ = {isa = PBXBuildFile; fileRef = 06925C1127F4429B005D6413 /* LaunchScreen.storyboard */; };
		06925C1E27F44676005D6413 /* StudentsListViewable.swift in Sources */ = {isa = PBXBuildFile; fileRef = 06925C1D27F44676005D6413 /* StudentsListViewable.swift */; };
		06925C2027F446DE005D6413 /* StudentsListViewController.swift in Sources */ = {isa = PBXBuildFile; fileRef = 06925C1F27F446DE005D6413 /* StudentsListViewController.swift */; };
		06925C2227F44C37005D6413 /* StudentsListPresenterProtocol.swift in Sources */ = {isa = PBXBuildFile; fileRef = 06925C2127F44C37005D6413 /* StudentsListPresenterProtocol.swift */; };
		06925C2427F44C47005D6413 /* StudentsListPresenter.swift in Sources */ = {isa = PBXBuildFile; fileRef = 06925C2327F44C47005D6413 /* StudentsListPresenter.swift */; };
		06925C2927F44F8C005D6413 /* Constants.swift in Sources */ = {isa = PBXBuildFile; fileRef = 06925C2827F44F8B005D6413 /* Constants.swift */; };
		06925C2B27F4504F005D6413 /* StudentsListTableViewCell.swift in Sources */ = {isa = PBXBuildFile; fileRef = 06925C2A27F4504F005D6413 /* StudentsListTableViewCell.swift */; };
		06925C2D27F4591E005D6413 /* NewStudentPresenter.swift in Sources */ = {isa = PBXBuildFile; fileRef = 06925C2C27F4591E005D6413 /* NewStudentPresenter.swift */; };
		06925C2F27F45929005D6413 /* NewStudentPresenterProtocol.swift in Sources */ = {isa = PBXBuildFile; fileRef = 06925C2E27F45929005D6413 /* NewStudentPresenterProtocol.swift */; };
		06925C3127F45AC8005D6413 /* NewStudentViewable.swift in Sources */ = {isa = PBXBuildFile; fileRef = 06925C3027F45AC8005D6413 /* NewStudentViewable.swift */; };
		06925C3327F45AD4005D6413 /* NewStudentViewController.swift in Sources */ = {isa = PBXBuildFile; fileRef = 06925C3227F45AD4005D6413 /* NewStudentViewController.swift */; };
		06925C3D27F4CA1F005D6413 /* Student+CoreDataClass.swift in Sources */ = {isa = PBXBuildFile; fileRef = 06925C3B27F4CA1F005D6413 /* Student+CoreDataClass.swift */; };
		06925C3E27F4CA1F005D6413 /* Student+CoreDataProperties.swift in Sources */ = {isa = PBXBuildFile; fileRef = 06925C3C27F4CA1F005D6413 /* Student+CoreDataProperties.swift */; };
		06925C4027F5F089005D6413 /* StudentModel.swift in Sources */ = {isa = PBXBuildFile; fileRef = 06925C3F27F5F089005D6413 /* StudentModel.swift */; };
		06925C4327F5F1CB005D6413 /* CoreDataStack.swift in Sources */ = {isa = PBXBuildFile; fileRef = 06925C4227F5F1CB005D6413 /* CoreDataStack.swift */; };
/* End PBXBuildFile section */

/* Begin PBXFileReference section */
		06925C0027F44296005D6413 /* HTCTest.app */ = {isa = PBXFileReference; explicitFileType = wrapper.application; includeInIndex = 0; path = HTCTest.app; sourceTree = BUILT_PRODUCTS_DIR; };
		06925C0327F44296005D6413 /* AppDelegate.swift */ = {isa = PBXFileReference; lastKnownFileType = sourcecode.swift; path = AppDelegate.swift; sourceTree = "<group>"; };
		06925C0527F44296005D6413 /* SceneDelegate.swift */ = {isa = PBXFileReference; lastKnownFileType = sourcecode.swift; path = SceneDelegate.swift; sourceTree = "<group>"; };
		06925C0A27F44296005D6413 /* Base */ = {isa = PBXFileReference; lastKnownFileType = file.storyboard; name = Base; path = Base.lproj/Main.storyboard; sourceTree = "<group>"; };
		06925C0D27F44296005D6413 /* HTCTest.xcdatamodel */ = {isa = PBXFileReference; lastKnownFileType = wrapper.xcdatamodel; path = HTCTest.xcdatamodel; sourceTree = "<group>"; };
		06925C0F27F4429B005D6413 /* Assets.xcassets */ = {isa = PBXFileReference; lastKnownFileType = folder.assetcatalog; path = Assets.xcassets; sourceTree = "<group>"; };
		06925C1227F4429B005D6413 /* Base */ = {isa = PBXFileReference; lastKnownFileType = file.storyboard; name = Base; path = Base.lproj/LaunchScreen.storyboard; sourceTree = "<group>"; };
		06925C1427F4429B005D6413 /* Info.plist */ = {isa = PBXFileReference; lastKnownFileType = text.plist.xml; path = Info.plist; sourceTree = "<group>"; };
		06925C1D27F44676005D6413 /* StudentsListViewable.swift */ = {isa = PBXFileReference; lastKnownFileType = sourcecode.swift; path = StudentsListViewable.swift; sourceTree = "<group>"; };
		06925C1F27F446DE005D6413 /* StudentsListViewController.swift */ = {isa = PBXFileReference; lastKnownFileType = sourcecode.swift; path = StudentsListViewController.swift; sourceTree = "<group>"; };
		06925C2127F44C37005D6413 /* StudentsListPresenterProtocol.swift */ = {isa = PBXFileReference; lastKnownFileType = sourcecode.swift; path = StudentsListPresenterProtocol.swift; sourceTree = "<group>"; };
		06925C2327F44C47005D6413 /* StudentsListPresenter.swift */ = {isa = PBXFileReference; lastKnownFileType = sourcecode.swift; path = StudentsListPresenter.swift; sourceTree = "<group>"; };
		06925C2827F44F8B005D6413 /* Constants.swift */ = {isa = PBXFileReference; lastKnownFileType = sourcecode.swift; path = Constants.swift; sourceTree = "<group>"; };
		06925C2A27F4504F005D6413 /* StudentsListTableViewCell.swift */ = {isa = PBXFileReference; lastKnownFileType = sourcecode.swift; path = StudentsListTableViewCell.swift; sourceTree = "<group>"; };
		06925C2C27F4591E005D6413 /* NewStudentPresenter.swift */ = {isa = PBXFileReference; lastKnownFileType = sourcecode.swift; path = NewStudentPresenter.swift; sourceTree = "<group>"; };
		06925C2E27F45929005D6413 /* NewStudentPresenterProtocol.swift */ = {isa = PBXFileReference; lastKnownFileType = sourcecode.swift; path = NewStudentPresenterProtocol.swift; sourceTree = "<group>"; };
		06925C3027F45AC8005D6413 /* NewStudentViewable.swift */ = {isa = PBXFileReference; lastKnownFileType = sourcecode.swift; path = NewStudentViewable.swift; sourceTree = "<group>"; };
		06925C3227F45AD4005D6413 /* NewStudentViewController.swift */ = {isa = PBXFileReference; lastKnownFileType = sourcecode.swift; path = NewStudentViewController.swift; sourceTree = "<group>"; };
		06925C3B27F4CA1F005D6413 /* Student+CoreDataClass.swift */ = {isa = PBXFileReference; lastKnownFileType = sourcecode.swift; path = "Student+CoreDataClass.swift"; sourceTree = "<group>"; };
		06925C3C27F4CA1F005D6413 /* Student+CoreDataProperties.swift */ = {isa = PBXFileReference; lastKnownFileType = sourcecode.swift; path = "Student+CoreDataProperties.swift"; sourceTree = "<group>"; };
		06925C3F27F5F089005D6413 /* StudentModel.swift */ = {isa = PBXFileReference; lastKnownFileType = sourcecode.swift; path = StudentModel.swift; sourceTree = "<group>"; };
		06925C4227F5F1CB005D6413 /* CoreDataStack.swift */ = {isa = PBXFileReference; lastKnownFileType = sourcecode.swift; path = CoreDataStack.swift; sourceTree = "<group>"; };
/* End PBXFileReference section */

/* Begin PBXFrameworksBuildPhase section */
		06925BFD27F44296005D6413 /* Frameworks */ = {
			isa = PBXFrameworksBuildPhase;
			buildActionMask = 2147483647;
			files = (
			);
			runOnlyForDeploymentPostprocessing = 0;
		};
/* End PBXFrameworksBuildPhase section */

/* Begin PBXGroup section */
		06925BF727F44295005D6413 = {
			isa = PBXGroup;
			children = (
				06925C0227F44296005D6413 /* HTCTest */,
				06925C0127F44296005D6413 /* Products */,
			);
			sourceTree = "<group>";
		};
		06925C0127F44296005D6413 /* Products */ = {
			isa = PBXGroup;
			children = (
				06925C0027F44296005D6413 /* HTCTest.app */,
			);
			name = Products;
			sourceTree = "<group>";
		};
		06925C0227F44296005D6413 /* HTCTest */ = {
			isa = PBXGroup;
			children = (
				06925C4127F5F1BC005D6413 /* Core Data */,
				06925C2527F44E19005D6413 /* Model */,
				06925C1C27F44651005D6413 /* Presenter */,
				06925C1B27F44648005D6413 /* View */,
				06925C1A27F44627005D6413 /* App */,
				06925C0927F44296005D6413 /* Main.storyboard */,
				06925C0F27F4429B005D6413 /* Assets.xcassets */,
				06925C1127F4429B005D6413 /* LaunchScreen.storyboard */,
				06925C1427F4429B005D6413 /* Info.plist */,
				06925C0C27F44296005D6413 /* HTCTest.xcdatamodeld */,
				06925C2827F44F8B005D6413 /* Constants.swift */,
			);
			path = HTCTest;
			sourceTree = "<group>";
		};
		06925C1A27F44627005D6413 /* App */ = {
			isa = PBXGroup;
			children = (
				06925C0527F44296005D6413 /* SceneDelegate.swift */,
				06925C0327F44296005D6413 /* AppDelegate.swift */,
			);
			path = App;
			sourceTree = "<group>";
		};
		06925C1B27F44648005D6413 /* View */ = {
			isa = PBXGroup;
			children = (
				06925C1D27F44676005D6413 /* StudentsListViewable.swift */,
				06925C1F27F446DE005D6413 /* StudentsListViewController.swift */,
				06925C2A27F4504F005D6413 /* StudentsListTableViewCell.swift */,
				06925C3027F45AC8005D6413 /* NewStudentViewable.swift */,
				06925C3227F45AD4005D6413 /* NewStudentViewController.swift */,
			);
			path = View;
			sourceTree = "<group>";
		};
		06925C1C27F44651005D6413 /* Presenter */ = {
			isa = PBXGroup;
			children = (
				06925C2127F44C37005D6413 /* StudentsListPresenterProtocol.swift */,
				06925C2327F44C47005D6413 /* StudentsListPresenter.swift */,
				06925C2C27F4591E005D6413 /* NewStudentPresenter.swift */,
				06925C2E27F45929005D6413 /* NewStudentPresenterProtocol.swift */,
			);
			path = Presenter;
			sourceTree = "<group>";
		};
		06925C2527F44E19005D6413 /* Model */ = {
			isa = PBXGroup;
			children = (
				06925C3B27F4CA1F005D6413 /* Student+CoreDataClass.swift */,
				06925C3C27F4CA1F005D6413 /* Student+CoreDataProperties.swift */,
				06925C3F27F5F089005D6413 /* StudentModel.swift */,
			);
			path = Model;
			sourceTree = "<group>";
		};
		06925C4127F5F1BC005D6413 /* Core Data */ = {
			isa = PBXGroup;
			children = (
				06925C4227F5F1CB005D6413 /* CoreDataStack.swift */,
			);
			path = "Core Data";
			sourceTree = "<group>";
		};
/* End PBXGroup section */

/* Begin PBXNativeTarget section */
		06925BFF27F44296005D6413 /* HTCTest */ = {
			isa = PBXNativeTarget;
			buildConfigurationList = 06925C1727F4429B005D6413 /* Build configuration list for PBXNativeTarget "HTCTest" */;
			buildPhases = (
				06925BFC27F44296005D6413 /* Sources */,
				06925BFD27F44296005D6413 /* Frameworks */,
				06925BFE27F44296005D6413 /* Resources */,
			);
			buildRules = (
			);
			dependencies = (
			);
			name = HTCTest;
			productName = HTCTest;
			productReference = 06925C0027F44296005D6413 /* HTCTest.app */;
			productType = "com.apple.product-type.application";
		};
/* End PBXNativeTarget section */

/* Begin PBXProject section */
		06925BF827F44295005D6413 /* Project object */ = {
			isa = PBXProject;
			attributes = {
				BuildIndependentTargetsInParallel = 1;
				LastSwiftUpdateCheck = 1330;
				LastUpgradeCheck = 1330;
				TargetAttributes = {
					06925BFF27F44296005D6413 = {
						CreatedOnToolsVersion = 13.3;
					};
				};
			};
			buildConfigurationList = 06925BFB27F44295005D6413 /* Build configuration list for PBXProject "HTCTest" */;
			compatibilityVersion = "Xcode 13.0";
			developmentRegion = en;
			hasScannedForEncodings = 0;
			knownRegions = (
				en,
				Base,
			);
			mainGroup = 06925BF727F44295005D6413;
			productRefGroup = 06925C0127F44296005D6413 /* Products */;
			projectDirPath = "";
			projectRoot = "";
			targets = (
				06925BFF27F44296005D6413 /* HTCTest */,
			);
		};
/* End PBXProject section */

/* Begin PBXResourcesBuildPhase section */
		06925BFE27F44296005D6413 /* Resources */ = {
			isa = PBXResourcesBuildPhase;
			buildActionMask = 2147483647;
			files = (
				06925C1327F4429B005D6413 /* LaunchScreen.storyboard in Resources */,
				06925C1027F4429B005D6413 /* Assets.xcassets in Resources */,
				06925C0B27F44296005D6413 /* Main.storyboard in Resources */,
			);
			runOnlyForDeploymentPostprocessing = 0;
		};
/* End PBXResourcesBuildPhase section */

/* Begin PBXSourcesBuildPhase section */
		06925BFC27F44296005D6413 /* Sources */ = {
			isa = PBXSourcesBuildPhase;
			buildActionMask = 2147483647;
			files = (
				06925C3D27F4CA1F005D6413 /* Student+CoreDataClass.swift in Sources */,
				06925C2227F44C37005D6413 /* StudentsListPresenterProtocol.swift in Sources */,
				06925C2F27F45929005D6413 /* NewStudentPresenterProtocol.swift in Sources */,
				06925C2027F446DE005D6413 /* StudentsListViewController.swift in Sources */,
				06925C0427F44296005D6413 /* AppDelegate.swift in Sources */,
				06925C4027F5F089005D6413 /* StudentModel.swift in Sources */,
				06925C2B27F4504F005D6413 /* StudentsListTableViewCell.swift in Sources */,
				06925C3E27F4CA1F005D6413 /* Student+CoreDataProperties.swift in Sources */,
				06925C0627F44296005D6413 /* SceneDelegate.swift in Sources */,
				06925C1E27F44676005D6413 /* StudentsListViewable.swift in Sources */,
				06925C2427F44C47005D6413 /* StudentsListPresenter.swift in Sources */,
				06925C3127F45AC8005D6413 /* NewStudentViewable.swift in Sources */,
				06925C4327F5F1CB005D6413 /* CoreDataStack.swift in Sources */,
				06925C0E27F44296005D6413 /* HTCTest.xcdatamodeld in Sources */,
				06925C3327F45AD4005D6413 /* NewStudentViewController.swift in Sources */,
				06925C2D27F4591E005D6413 /* NewStudentPresenter.swift in Sources */,
				06925C2927F44F8C005D6413 /* Constants.swift in Sources */,
			);
			runOnlyForDeploymentPostprocessing = 0;
		};
/* End PBXSourcesBuildPhase section */

/* Begin PBXVariantGroup section */
		06925C0927F44296005D6413 /* Main.storyboard */ = {
			isa = PBXVariantGroup;
			children = (
				06925C0A27F44296005D6413 /* Base */,
			);
			name = Main.storyboard;
			sourceTree = "<group>";
		};
		06925C1127F4429B005D6413 /* LaunchScreen.storyboard */ = {
			isa = PBXVariantGroup;
			children = (
				06925C1227F4429B005D6413 /* Base */,
			);
			name = LaunchScreen.storyboard;
			sourceTree = "<group>";
		};
/* End PBXVariantGroup section */

/* Begin XCBuildConfiguration section */
		06925C1527F4429B005D6413 /* Debug */ = {
			isa = XCBuildConfiguration;
			buildSettings = {
				ALWAYS_SEARCH_USER_PATHS = NO;
				CLANG_ANALYZER_NONNULL = YES;
				CLANG_ANALYZER_NUMBER_OBJECT_CONVERSION = YES_AGGRESSIVE;
				CLANG_CXX_LANGUAGE_STANDARD = "gnu++17";
				CLANG_ENABLE_MODULES = YES;
				CLANG_ENABLE_OBJC_ARC = YES;
				CLANG_ENABLE_OBJC_WEAK = YES;
				CLANG_WARN_BLOCK_CAPTURE_AUTORELEASING = YES;
				CLANG_WARN_BOOL_CONVERSION = YES;
				CLANG_WARN_COMMA = YES;
				CLANG_WARN_CONSTANT_CONVERSION = YES;
				CLANG_WARN_DEPRECATED_OBJC_IMPLEMENTATIONS = YES;
				CLANG_WARN_DIRECT_OBJC_ISA_USAGE = YES_ERROR;
				CLANG_WARN_DOCUMENTATION_COMMENTS = YES;
				CLANG_WARN_EMPTY_BODY = YES;
				CLANG_WARN_ENUM_CONVERSION = YES;
				CLANG_WARN_INFINITE_RECURSION = YES;
				CLANG_WARN_INT_CONVERSION = YES;
				CLANG_WARN_NON_LITERAL_NULL_CONVERSION = YES;
				CLANG_WARN_OBJC_IMPLICIT_RETAIN_SELF = YES;
				CLANG_WARN_OBJC_LITERAL_CONVERSION = YES;
				CLANG_WARN_OBJC_ROOT_CLASS = YES_ERROR;
				CLANG_WARN_QUOTED_INCLUDE_IN_FRAMEWORK_HEADER = YES;
				CLANG_WARN_RANGE_LOOP_ANALYSIS = YES;
				CLANG_WARN_STRICT_PROTOTYPES = YES;
				CLANG_WARN_SUSPICIOUS_MOVE = YES;
				CLANG_WARN_UNGUARDED_AVAILABILITY = YES_AGGRESSIVE;
				CLANG_WARN_UNREACHABLE_CODE = YES;
				CLANG_WARN__DUPLICATE_METHOD_MATCH = YES;
				COPY_PHASE_STRIP = NO;
				DEBUG_INFORMATION_FORMAT = dwarf;
				ENABLE_STRICT_OBJC_MSGSEND = YES;
				ENABLE_TESTABILITY = YES;
				GCC_C_LANGUAGE_STANDARD = gnu11;
				GCC_DYNAMIC_NO_PIC = NO;
				GCC_NO_COMMON_BLOCKS = YES;
				GCC_OPTIMIZATION_LEVEL = 0;
				GCC_PREPROCESSOR_DEFINITIONS = (
					"DEBUG=1",
					"$(inherited)",
				);
				GCC_WARN_64_TO_32_BIT_CONVERSION = YES;
				GCC_WARN_ABOUT_RETURN_TYPE = YES_ERROR;
				GCC_WARN_UNDECLARED_SELECTOR = YES;
				GCC_WARN_UNINITIALIZED_AUTOS = YES_AGGRESSIVE;
				GCC_WARN_UNUSED_FUNCTION = YES;
				GCC_WARN_UNUSED_VARIABLE = YES;
				IPHONEOS_DEPLOYMENT_TARGET = 15.4;
				MTL_ENABLE_DEBUG_INFO = INCLUDE_SOURCE;
				MTL_FAST_MATH = YES;
				ONLY_ACTIVE_ARCH = YES;
				SDKROOT = iphoneos;
				SWIFT_ACTIVE_COMPILATION_CONDITIONS = DEBUG;
				SWIFT_OPTIMIZATION_LEVEL = "-Onone";
			};
			name = Debug;
		};
		06925C1627F4429B005D6413 /* Release */ = {
			isa = XCBuildConfiguration;
			buildSettings = {
				ALWAYS_SEARCH_USER_PATHS = NO;
				CLANG_ANALYZER_NONNULL = YES;
				CLANG_ANALYZER_NUMBER_OBJECT_CONVERSION = YES_AGGRESSIVE;
				CLANG_CXX_LANGUAGE_STANDARD = "gnu++17";
				CLANG_ENABLE_MODULES = YES;
				CLANG_ENABLE_OBJC_ARC = YES;
				CLANG_ENABLE_OBJC_WEAK = YES;
				CLANG_WARN_BLOCK_CAPTURE_AUTORELEASING = YES;
				CLANG_WARN_BOOL_CONVERSION = YES;
				CLANG_WARN_COMMA = YES;
				CLANG_WARN_CONSTANT_CONVERSION = YES;
				CLANG_WARN_DEPRECATED_OBJC_IMPLEMENTATIONS = YES;
				CLANG_WARN_DIRECT_OBJC_ISA_USAGE = YES_ERROR;
				CLANG_WARN_DOCUMENTATION_COMMENTS = YES;
				CLANG_WARN_EMPTY_BODY = YES;
				CLANG_WARN_ENUM_CONVERSION = YES;
				CLANG_WARN_INFINITE_RECURSION = YES;
				CLANG_WARN_INT_CONVERSION = YES;
				CLANG_WARN_NON_LITERAL_NULL_CONVERSION = YES;
				CLANG_WARN_OBJC_IMPLICIT_RETAIN_SELF = YES;
				CLANG_WARN_OBJC_LITERAL_CONVERSION = YES;
				CLANG_WARN_OBJC_ROOT_CLASS = YES_ERROR;
				CLANG_WARN_QUOTED_INCLUDE_IN_FRAMEWORK_HEADER = YES;
				CLANG_WARN_RANGE_LOOP_ANALYSIS = YES;
				CLANG_WARN_STRICT_PROTOTYPES = YES;
				CLANG_WARN_SUSPICIOUS_MOVE = YES;
				CLANG_WARN_UNGUARDED_AVAILABILITY = YES_AGGRESSIVE;
				CLANG_WARN_UNREACHABLE_CODE = YES;
				CLANG_WARN__DUPLICATE_METHOD_MATCH = YES;
				COPY_PHASE_STRIP = NO;
				DEBUG_INFORMATION_FORMAT = "dwarf-with-dsym";
				ENABLE_NS_ASSERTIONS = NO;
				ENABLE_STRICT_OBJC_MSGSEND = YES;
				GCC_C_LANGUAGE_STANDARD = gnu11;
				GCC_NO_COMMON_BLOCKS = YES;
				GCC_WARN_64_TO_32_BIT_CONVERSION = YES;
				GCC_WARN_ABOUT_RETURN_TYPE = YES_ERROR;
				GCC_WARN_UNDECLARED_SELECTOR = YES;
				GCC_WARN_UNINITIALIZED_AUTOS = YES_AGGRESSIVE;
				GCC_WARN_UNUSED_FUNCTION = YES;
				GCC_WARN_UNUSED_VARIABLE = YES;
				IPHONEOS_DEPLOYMENT_TARGET = 15.4;
				MTL_ENABLE_DEBUG_INFO = NO;
				MTL_FAST_MATH = YES;
				SDKROOT = iphoneos;
				SWIFT_COMPILATION_MODE = wholemodule;
				SWIFT_OPTIMIZATION_LEVEL = "-O";
				VALIDATE_PRODUCT = YES;
			};
			name = Release;
		};
		06925C1827F4429B005D6413 /* Debug */ = {
			isa = XCBuildConfiguration;
			buildSettings = {
				ASSETCATALOG_COMPILER_APPICON_NAME = AppIcon;
				ASSETCATALOG_COMPILER_GLOBAL_ACCENT_COLOR_NAME = AccentColor;
				CODE_SIGN_STYLE = Automatic;
				CURRENT_PROJECT_VERSION = 1;
				DEVELOPMENT_TEAM = DWMS2L392A;
				GENERATE_INFOPLIST_FILE = YES;
				INFOPLIST_FILE = HTCTest/Info.plist;
				INFOPLIST_KEY_UIApplicationSupportsIndirectInputEvents = YES;
				INFOPLIST_KEY_UILaunchStoryboardName = LaunchScreen;
				INFOPLIST_KEY_UIMainStoryboardFile = Main;
				INFOPLIST_KEY_UISupportedInterfaceOrientations = UIInterfaceOrientationPortrait;
				INFOPLIST_KEY_UISupportedInterfaceOrientations_iPad = "UIInterfaceOrientationPortrait UIInterfaceOrientationPortraitUpsideDown UIInterfaceOrientationLandscapeLeft UIInterfaceOrientationLandscapeRight";
				INFOPLIST_KEY_UISupportedInterfaceOrientations_iPhone = "UIInterfaceOrientationPortrait UIInterfaceOrientationLandscapeLeft UIInterfaceOrientationLandscapeRight";
				LD_RUNPATH_SEARCH_PATHS = (
					"$(inherited)",
					"@executable_path/Frameworks",
				);
				MARKETING_VERSION = 1.0;
				PRODUCT_BUNDLE_IDENTIFIER = notna.HTCTest;
				PRODUCT_NAME = "$(TARGET_NAME)";
				SWIFT_EMIT_LOC_STRINGS = YES;
				SWIFT_VERSION = 5.0;
				TARGETED_DEVICE_FAMILY = "1,2";
			};
			name = Debug;
		};
		06925C1927F4429B005D6413 /* Release */ = {
			isa = XCBuildConfiguration;
			buildSettings = {
				ASSETCATALOG_COMPILER_APPICON_NAME = AppIcon;
				ASSETCATALOG_COMPILER_GLOBAL_ACCENT_COLOR_NAME = AccentColor;
				CODE_SIGN_STYLE = Automatic;
				CURRENT_PROJECT_VERSION = 1;
				DEVELOPMENT_TEAM = DWMS2L392A;
				GENERATE_INFOPLIST_FILE = YES;
				INFOPLIST_FILE = HTCTest/Info.plist;
				INFOPLIST_KEY_UIApplicationSupportsIndirectInputEvents = YES;
				INFOPLIST_KEY_UILaunchStoryboardName = LaunchScreen;
				INFOPLIST_KEY_UIMainStoryboardFile = Main;
				INFOPLIST_KEY_UISupportedInterfaceOrientations = UIInterfaceOrientationPortrait;
				INFOPLIST_KEY_UISupportedInterfaceOrientations_iPad = "UIInterfaceOrientationPortrait UIInterfaceOrientationPortraitUpsideDown UIInterfaceOrientationLandscapeLeft UIInterfaceOrientationLandscapeRight";
				INFOPLIST_KEY_UISupportedInterfaceOrientations_iPhone = "UIInterfaceOrientationPortrait UIInterfaceOrientationLandscapeLeft UIInterfaceOrientationLandscapeRight";
				LD_RUNPATH_SEARCH_PATHS = (
					"$(inherited)",
					"@executable_path/Frameworks",
				);
				MARKETING_VERSION = 1.0;
				PRODUCT_BUNDLE_IDENTIFIER = notna.HTCTest;
				PRODUCT_NAME = "$(TARGET_NAME)";
				SWIFT_EMIT_LOC_STRINGS = YES;
				SWIFT_VERSION = 5.0;
				TARGETED_DEVICE_FAMILY = "1,2";
			};
			name = Release;
		};
/* End XCBuildConfiguration section */

/* Begin XCConfigurationList section */
		06925BFB27F44295005D6413 /* Build configuration list for PBXProject "HTCTest" */ = {
			isa = XCConfigurationList;
			buildConfigurations = (
				06925C1527F4429B005D6413 /* Debug */,
				06925C1627F4429B005D6413 /* Release */,
			);
			defaultConfigurationIsVisible = 0;
			defaultConfigurationName = Release;
		};
		06925C1727F4429B005D6413 /* Build configuration list for PBXNativeTarget "HTCTest" */ = {
			isa = XCConfigurationList;
			buildConfigurations = (
				06925C1827F4429B005D6413 /* Debug */,
				06925C1927F4429B005D6413 /* Release */,
			);
			defaultConfigurationIsVisible = 0;
			defaultConfigurationName = Release;
		};
/* End XCConfigurationList section */

/* Begin XCVersionGroup section */
		06925C0C27F44296005D6413 /* HTCTest.xcdatamodeld */ = {
			isa = XCVersionGroup;
			children = (
				06925C0D27F44296005D6413 /* HTCTest.xcdatamodel */,
			);
			currentVersion = 06925C0D27F44296005D6413 /* HTCTest.xcdatamodel */;
			path = HTCTest.xcdatamodeld;
			sourceTree = "<group>";
			versionGroupType = wrapper.xcdatamodel;
		};
/* End XCVersionGroup section */
	};
	rootObject = 06925BF827F44295005D6413 /* Project object */;
}
